
Microsoft Visual Studio Solution File, Format Version 12.00
# Visual Studio 15
VisualStudioVersion = 15.0.27703.2026
MinimumVisualStudioVersion = 10.0.40219.1
Project("{FAE04EC0-301F-11D3-BF4B-00C04F79EFBC}") = "Randomize", "Randomize\Randomize.csproj", "{F5EF214A-30F0-4D86-B87E-CE70EB2D1B8B}"
EndProject
Global
	GlobalSection(SolutionConfigurationPlatforms) = preSolution
		Debug|Any CPU = Debug|Any CPU
		Release|Any CPU = Release|Any CPU
	EndGlobalSection
	GlobalSection(ProjectConfigurationPlatforms) = postSolution
		{F5EF214A-30F0-4D86-B87E-CE70EB2D1B8B}.Debug|Any CPU.ActiveCfg = Debug|Any CPU
		{F5EF214A-30F0-4D86-B87E-CE70EB2D1B8B}.Debug|Any CPU.Build.0 = Debug|Any CPU
		{F5EF214A-30F0-4D86-B87E-CE70EB2D1B8B}.Release|Any CPU.ActiveCfg = Release|Any CPU
		{F5EF214A-30F0-4D86-B87E-CE70EB2D1B8B}.Release|Any CPU.Build.0 = Release|Any CPU
	EndGlobalSection
	GlobalSection(SolutionProperties) = preSolution
		HideSolutionNode = FALSE
	EndGlobalSection
	GlobalSection(ExtensibilityGlobals) = postSolution
		SolutionGuid = {1C8F50B3-B0C4-4FDB-9006-21AA0C8462A2}
	EndGlobalSection
EndGlobal
